
Microsoft Visual Studio Solution File, Format Version 12.00
# Visual Studio Version 17
VisualStudioVersion = 17.2.32630.192
MinimumVisualStudioVersion = 10.0.40219.1
Project("{9A19103F-16F7-4668-BE54-9A1E7A4F7556}") = "CallingDashboard", "CallCenterDashboard\CallingDashboard.csproj", "{2B2EF1E3-D3B7-4E6D-B760-C98BF35674F9}"
EndProject
Global
	GlobalSection(SolutionConfigurationPlatforms) = preSolution
		Debug|Any CPU = Debug|Any CPU
		Release|Any CPU = Release|Any CPU
	EndGlobalSection
	GlobalSection(ProjectConfigurationPlatforms) = postSolution
		{2B2EF1E3-D3B7-4E6D-B760-C98BF35674F9}.Debug|Any CPU.ActiveCfg = Debug|Any CPU
		{2B2EF1E3-D3B7-4E6D-B760-C98BF35674F9}.Debug|Any CPU.Build.0 = Debug|Any CPU
		{2B2EF1E3-D3B7-4E6D-B760-C98BF35674F9}.Release|Any CPU.ActiveCfg = Release|Any CPU
		{2B2EF1E3-D3B7-4E6D-B760-C98BF35674F9}.Release|Any CPU.Build.0 = Release|Any CPU
	EndGlobalSection
	GlobalSection(SolutionProperties) = preSolution
		HideSolutionNode = FALSE
	EndGlobalSection
	GlobalSection(ExtensibilityGlobals) = postSolution
		SolutionGuid = {D41121E9-A67D-458A-81EC-6911BA32D548}
	EndGlobalSection
EndGlobal
